
Microsoft Visual Studio Solution File, Format Version 12.00
# Visual Studio Version 17
VisualStudioVersion = 17.8.34309.116
MinimumVisualStudioVersion = 10.0.40219.1
Project("{9A19103F-16F7-4668-BE54-9A1E7A4F7556}") = "ResponsibilityDirector", "ResponsibilityDirector\ResponsibilityDirector.csproj", "{BC626F55-41A9-450A-A3C7-54B95387FBDD}"
EndProject
Project("{FAE04EC0-301F-11D3-BF4B-00C04F79EFBC}") = "TestProject", "TestProject\TestProject.csproj", "{35301594-8469-4891-BA01-1086E3859430}"
EndProject
Global
	GlobalSection(SolutionConfigurationPlatforms) = preSolution
		Debug|Any CPU = Debug|Any CPU
		Release|Any CPU = Release|Any CPU
	EndGlobalSection
	GlobalSection(ProjectConfigurationPlatforms) = postSolution
		{BC626F55-41A9-450A-A3C7-54B95387FBDD}.Debug|Any CPU.ActiveCfg = Debug|Any CPU
		{BC626F55-41A9-450A-A3C7-54B95387FBDD}.Debug|Any CPU.Build.0 = Debug|Any CPU
		{BC626F55-41A9-450A-A3C7-54B95387FBDD}.Release|Any CPU.ActiveCfg = Release|Any CPU
		{BC626F55-41A9-450A-A3C7-54B95387FBDD}.Release|Any CPU.Build.0 = Release|Any CPU
		{35301594-8469-4891-BA01-1086E3859430}.Debug|Any CPU.ActiveCfg = Debug|Any CPU
		{35301594-8469-4891-BA01-1086E3859430}.Debug|Any CPU.Build.0 = Debug|Any CPU
		{35301594-8469-4891-BA01-1086E3859430}.Release|Any CPU.ActiveCfg = Release|Any CPU
		{35301594-8469-4891-BA01-1086E3859430}.Release|Any CPU.Build.0 = Release|Any CPU
	EndGlobalSection
	GlobalSection(SolutionProperties) = preSolution
		HideSolutionNode = FALSE
	EndGlobalSection
	GlobalSection(ExtensibilityGlobals) = postSolution
		SolutionGuid = {42384BD2-331D-42FD-8B44-C949D5C19C11}
	EndGlobalSection
EndGlobal
